{
  "name": "pimatic-ziggo-mediabox",
  "version": "0.1.0",
  "lockfileVersion": 1,
  "requires": true,
  "dependencies": {
    "pimatic-plugin-commons": {
      "version": "0.9.8",
      "resolved": "https://registry.npmjs.org/pimatic-plugin-commons/-/pimatic-plugin-commons-0.9.8.tgz",
      "integrity": "sha512-Dc4NgUTXradb/RupTc/RoJiiiNqZhNhnXZxPtA0DyC8KVkpGd7xOdk0Raen0US0kgyhjihVkm7yEKg1xA3XZFA=="
    },
    "ziggo-mediabox": {
      "version": "1.0.0",
      "resolved": "https://registry.npmjs.org/ziggo-mediabox/-/ziggo-mediabox-1.0.0.tgz",
      "integrity": "sha512-W35tmPFpWcHj3czYLUpWrlGfNtX5RvCJLQYyKoPEKE4/kxrlYNfReJ7wkG6OUqmMHWpu38mrx5JbaLiM25QZtQ=="
    }
  }
}
